
Microsoft Visual Studio Solution File, Format Version 12.00
# Visual Studio Version 17
VisualStudioVersion = 17.0.31903.59
MinimumVisualStudioVersion = 10.0.40219.1
Project("{FAE04EC0-301F-11D3-BF4B-00C04F79EFBC}") = "API", "API\API.csproj", "{8F7DC6A3-985C-4702-B41C-FCA87EC391A9}"
EndProject
Project("{FAE04EC0-301F-11D3-BF4B-00C04F79EFBC}") = "Application", "Application\Application.csproj", "{B4F6824E-B43F-4DF1-9B8D-40A1D1555972}"
EndProject
Project("{FAE04EC0-301F-11D3-BF4B-00C04F79EFBC}") = "Domain", "Domain\Domain.csproj", "{619913F5-95A4-4DF4-97B8-CCE16383E4FA}"
EndProject
Project("{FAE04EC0-301F-11D3-BF4B-00C04F79EFBC}") = "Persistence", "Persistence\Persistence.csproj", "{A3E0E420-DB3B-4958-A088-35DAB0225835}"
EndProject
Global
	GlobalSection(SolutionConfigurationPlatforms) = preSolution
		Debug|Any CPU = Debug|Any CPU
		Release|Any CPU = Release|Any CPU
	EndGlobalSection
	GlobalSection(SolutionProperties) = preSolution
		HideSolutionNode = FALSE
	EndGlobalSection
	GlobalSection(ProjectConfigurationPlatforms) = postSolution
		{8F7DC6A3-985C-4702-B41C-FCA87EC391A9}.Debug|Any CPU.ActiveCfg = Debug|Any CPU
		{8F7DC6A3-985C-4702-B41C-FCA87EC391A9}.Debug|Any CPU.Build.0 = Debug|Any CPU
		{8F7DC6A3-985C-4702-B41C-FCA87EC391A9}.Release|Any CPU.ActiveCfg = Release|Any CPU
		{8F7DC6A3-985C-4702-B41C-FCA87EC391A9}.Release|Any CPU.Build.0 = Release|Any CPU
		{B4F6824E-B43F-4DF1-9B8D-40A1D1555972}.Debug|Any CPU.ActiveCfg = Debug|Any CPU
		{B4F6824E-B43F-4DF1-9B8D-40A1D1555972}.Debug|Any CPU.Build.0 = Debug|Any CPU
		{B4F6824E-B43F-4DF1-9B8D-40A1D1555972}.Release|Any CPU.ActiveCfg = Release|Any CPU
		{B4F6824E-B43F-4DF1-9B8D-40A1D1555972}.Release|Any CPU.Build.0 = Release|Any CPU
		{619913F5-95A4-4DF4-97B8-CCE16383E4FA}.Debug|Any CPU.ActiveCfg = Debug|Any CPU
		{619913F5-95A4-4DF4-97B8-CCE16383E4FA}.Debug|Any CPU.Build.0 = Debug|Any CPU
		{619913F5-95A4-4DF4-97B8-CCE16383E4FA}.Release|Any CPU.ActiveCfg = Release|Any CPU
		{619913F5-95A4-4DF4-97B8-CCE16383E4FA}.Release|Any CPU.Build.0 = Release|Any CPU
		{A3E0E420-DB3B-4958-A088-35DAB0225835}.Debug|Any CPU.ActiveCfg = Debug|Any CPU
		{A3E0E420-DB3B-4958-A088-35DAB0225835}.Debug|Any CPU.Build.0 = Debug|Any CPU
		{A3E0E420-DB3B-4958-A088-35DAB0225835}.Release|Any CPU.ActiveCfg = Release|Any CPU
		{A3E0E420-DB3B-4958-A088-35DAB0225835}.Release|Any CPU.Build.0 = Release|Any CPU
	EndGlobalSection
EndGlobal
